
Microsoft Visual Studio Solution File, Format Version 12.00
# Visual Studio Version 17
VisualStudioVersion = 17.13.35931.197
MinimumVisualStudioVersion = 10.0.40219.1
Project("{8BC9CEB8-8B4A-11D0-8D11-00A0C91BC942}") = "ConsoleApplication1", "ConsoleApplication1.vcxproj", "{3891461D-A845-4B44-B814-496226A83557}"
EndProject
Project("{8BC9CEB8-8B4A-11D0-8D11-00A0C91BC942}") = "Class3th(알고리즘", "..\Class3th(알고리즘\Class3th(알고리즘.vcxproj", "{0AD2EEB0-C848-47C7-A518-67B4500B1473}"
EndProject
Project("{8BC9CEB8-8B4A-11D0-8D11-00A0C91BC942}") = "Class4th(Select Sort)", "..\Class4th(Select Sort)\Class4th(Select Sort).vcxproj", "{AD7A5051-AB78-435C-A812-4DC720C3639B}"
EndProject
Project("{8BC9CEB8-8B4A-11D0-8D11-00A0C91BC942}") = "Class5th(Insert Sort)", "..\Class5th(Insert Sort)\Class5th(Insert Sort).vcxproj", "{99766187-37C6-4A74-A4F2-20F7C40879EB}"
EndProject
Project("{8BC9CEB8-8B4A-11D0-8D11-00A0C91BC942}") = "Class6th(유클리드 호제법)", "..\Class6th(유클리드 호제법)\Class6th(유클리드 호제법).vcxproj", "{B03199F9-ADCE-4501-A6DB-80FE142FAB47}"
EndProject
Project("{8BC9CEB8-8B4A-11D0-8D11-00A0C91BC942}") = "Class7th (Sieve of Eratosthenes)", "..\Class7th (Sieve of Eratosthenes)\Class7th (Sieve of Eratosthenes).vcxproj", "{D83D41DF-7EE9-44A3-A58C-BF0F08589C33}"
EndProject
Project("{8BC9CEB8-8B4A-11D0-8D11-00A0C91BC942}") = "Class8th(Divide and conquer)", "..\Class8th(Divide and conquer)\Class8th(Divide and conquer).vcxproj", "{9D5DF7DE-68DB-4655-9620-F68196DA631C}"
EndProject
Project("{8BC9CEB8-8B4A-11D0-8D11-00A0C91BC942}") = "Class9th(Bianry Serch)", "..\Class9th(Bianry Serch)\Class9th(Bianry Serch).vcxproj", "{E745E88B-E9F1-45F6-8AD7-6D3F11CA16E9}"
EndProject
Project("{8BC9CEB8-8B4A-11D0-8D11-00A0C91BC942}") = "class10", "..\class10\class10.vcxproj", "{EA62B5B2-F123-4815-B20C-29DB2BF4686F}"
EndProject
Project("{8BC9CEB8-8B4A-11D0-8D11-00A0C91BC942}") = "Class11th-1", "..\Class11th-1\Class11th-1.vcxproj", "{F1787A85-F6F2-4BE4-A3AA-1B946A14489C}"
EndProject
Project("{8BC9CEB8-8B4A-11D0-8D11-00A0C91BC942}") = "Class12th(Merge Slot)", "..\Class12th(Merge Slot)\Class12th(Merge Slot).vcxproj", "{787ECC3B-6503-4814-9A75-37C0990A6007}"
EndProject
Project("{8BC9CEB8-8B4A-11D0-8D11-00A0C91BC942}") = "Class13th(Dynamic Programming)", "..\Class13th(Dynamic Programming)\Class13th(Dynamic Programming).vcxproj", "{FE5A3B89-7677-4E2F-B0D5-429BF42C4791}"
EndProject
Project("{8BC9CEB8-8B4A-11D0-8D11-00A0C91BC942}") = "Class14th(Greedy)", "..\Class14th(Greedy)\Class14th(Greedy).vcxproj", "{1AE4C742-1A64-4A88-8DAE-FA5B8A63B6B0}"
EndProject
Global
	GlobalSection(SolutionConfigurationPlatforms) = preSolution
		Debug|x64 = Debug|x64
		Debug|x86 = Debug|x86
		Release|x64 = Release|x64
		Release|x86 = Release|x86
	EndGlobalSection
	GlobalSection(ProjectConfigurationPlatforms) = postSolution
		{3891461D-A845-4B44-B814-496226A83557}.Debug|x64.ActiveCfg = Debug|x64
		{3891461D-A845-4B44-B814-496226A83557}.Debug|x64.Build.0 = Debug|x64
		{3891461D-A845-4B44-B814-496226A83557}.Debug|x86.ActiveCfg = Debug|Win32
		{3891461D-A845-4B44-B814-496226A83557}.Debug|x86.Build.0 = Debug|Win32
		{3891461D-A845-4B44-B814-496226A83557}.Release|x64.ActiveCfg = Release|x64
		{3891461D-A845-4B44-B814-496226A83557}.Release|x64.Build.0 = Release|x64
		{3891461D-A845-4B44-B814-496226A83557}.Release|x86.ActiveCfg = Release|Win32
		{3891461D-A845-4B44-B814-496226A83557}.Release|x86.Build.0 = Release|Win32
		{0AD2EEB0-C848-47C7-A518-67B4500B1473}.Debug|x64.ActiveCfg = Debug|x64
		{0AD2EEB0-C848-47C7-A518-67B4500B1473}.Debug|x64.Build.0 = Debug|x64
		{0AD2EEB0-C848-47C7-A518-67B4500B1473}.Debug|x86.ActiveCfg = Debug|Win32
		{0AD2EEB0-C848-47C7-A518-67B4500B1473}.Debug|x86.Build.0 = Debug|Win32
		{0AD2EEB0-C848-47C7-A518-67B4500B1473}.Release|x64.ActiveCfg = Release|x64
		{0AD2EEB0-C848-47C7-A518-67B4500B1473}.Release|x64.Build.0 = Release|x64
		{0AD2EEB0-C848-47C7-A518-67B4500B1473}.Release|x86.ActiveCfg = Release|Win32
		{0AD2EEB0-C848-47C7-A518-67B4500B1473}.Release|x86.Build.0 = Release|Win32
		{AD7A5051-AB78-435C-A812-4DC720C3639B}.Debug|x64.ActiveCfg = Debug|x64
		{AD7A5051-AB78-435C-A812-4DC720C3639B}.Debug|x64.Build.0 = Debug|x64
		{AD7A5051-AB78-435C-A812-4DC720C3639B}.Debug|x86.ActiveCfg = Debug|Win32
		{AD7A5051-AB78-435C-A812-4DC720C3639B}.Debug|x86.Build.0 = Debug|Win32
		{AD7A5051-AB78-435C-A812-4DC720C3639B}.Release|x64.ActiveCfg = Release|x64
		{AD7A5051-AB78-435C-A812-4DC720C3639B}.Release|x64.Build.0 = Release|x64
		{AD7A5051-AB78-435C-A812-4DC720C3639B}.Release|x86.ActiveCfg = Release|Win32
		{AD7A5051-AB78-435C-A812-4DC720C3639B}.Release|x86.Build.0 = Release|Win32
		{99766187-37C6-4A74-A4F2-20F7C40879EB}.Debug|x64.ActiveCfg = Debug|x64
		{99766187-37C6-4A74-A4F2-20F7C40879EB}.Debug|x64.Build.0 = Debug|x64
		{99766187-37C6-4A74-A4F2-20F7C40879EB}.Debug|x86.ActiveCfg = Debug|Win32
		{99766187-37C6-4A74-A4F2-20F7C40879EB}.Debug|x86.Build.0 = Debug|Win32
		{99766187-37C6-4A74-A4F2-20F7C40879EB}.Release|x64.ActiveCfg = Release|x64
		{99766187-37C6-4A74-A4F2-20F7C40879EB}.Release|x64.Build.0 = Release|x64
		{99766187-37C6-4A74-A4F2-20F7C40879EB}.Release|x86.ActiveCfg = Release|Win32
		{99766187-37C6-4A74-A4F2-20F7C40879EB}.Release|x86.Build.0 = Release|Win32
		{B03199F9-ADCE-4501-A6DB-80FE142FAB47}.Debug|x64.ActiveCfg = Debug|x64
		{B03199F9-ADCE-4501-A6DB-80FE142FAB47}.Debug|x64.Build.0 = Debug|x64
		{B03199F9-ADCE-4501-A6DB-80FE142FAB47}.Debug|x86.ActiveCfg = Debug|Win32
		{B03199F9-ADCE-4501-A6DB-80FE142FAB47}.Debug|x86.Build.0 = Debug|Win32
		{B03199F9-ADCE-4501-A6DB-80FE142FAB47}.Release|x64.ActiveCfg = Release|x64
		{B03199F9-ADCE-4501-A6DB-80FE142FAB47}.Release|x64.Build.0 = Release|x64
		{B03199F9-ADCE-4501-A6DB-80FE142FAB47}.Release|x86.ActiveCfg = Release|Win32
		{B03199F9-ADCE-4501-A6DB-80FE142FAB47}.Release|x86.Build.0 = Release|Win32
		{D83D41DF-7EE9-44A3-A58C-BF0F08589C33}.Debug|x64.ActiveCfg = Debug|x64
		{D83D41DF-7EE9-44A3-A58C-BF0F08589C33}.Debug|x64.Build.0 = Debug|x64
		{D83D41DF-7EE9-44A3-A58C-BF0F08589C33}.Debug|x86.ActiveCfg = Debug|Win32
		{D83D41DF-7EE9-44A3-A58C-BF0F08589C33}.Debug|x86.Build.0 = Debug|Win32
		{D83D41DF-7EE9-44A3-A58C-BF0F08589C33}.Release|x64.ActiveCfg = Release|x64
		{D83D41DF-7EE9-44A3-A58C-BF0F08589C33}.Release|x64.Build.0 = Release|x64
		{D83D41DF-7EE9-44A3-A58C-BF0F08589C33}.Release|x86.ActiveCfg = Release|Win32
		{D83D41DF-7EE9-44A3-A58C-BF0F08589C33}.Release|x86.Build.0 = Release|Win32
		{9D5DF7DE-68DB-4655-9620-F68196DA631C}.Debug|x64.ActiveCfg = Debug|x64
		{9D5DF7DE-68DB-4655-9620-F68196DA631C}.Debug|x64.Build.0 = Debug|x64
		{9D5DF7DE-68DB-4655-9620-F68196DA631C}.Debug|x86.ActiveCfg = Debug|Win32
		{9D5DF7DE-68DB-4655-9620-F68196DA631C}.Debug|x86.Build.0 = Debug|Win32
		{9D5DF7DE-68DB-4655-9620-F68196DA631C}.Release|x64.ActiveCfg = Release|x64
		{9D5DF7DE-68DB-4655-9620-F68196DA631C}.Release|x64.Build.0 = Release|x64
		{9D5DF7DE-68DB-4655-9620-F68196DA631C}.Release|x86.ActiveCfg = Release|Win32
		{9D5DF7DE-68DB-4655-9620-F68196DA631C}.Release|x86.Build.0 = Release|Win32
		{E745E88B-E9F1-45F6-8AD7-6D3F11CA16E9}.Debug|x64.ActiveCfg = Debug|x64
		{E745E88B-E9F1-45F6-8AD7-6D3F11CA16E9}.Debug|x64.Build.0 = Debug|x64
		{E745E88B-E9F1-45F6-8AD7-6D3F11CA16E9}.Debug|x86.ActiveCfg = Debug|Win32
		{E745E88B-E9F1-45F6-8AD7-6D3F11CA16E9}.Debug|x86.Build.0 = Debug|Win32
		{E745E88B-E9F1-45F6-8AD7-6D3F11CA16E9}.Release|x64.ActiveCfg = Release|x64
		{E745E88B-E9F1-45F6-8AD7-6D3F11CA16E9}.Release|x64.Build.0 = Release|x64
		{E745E88B-E9F1-45F6-8AD7-6D3F11CA16E9}.Release|x86.ActiveCfg = Release|Win32
		{E745E88B-E9F1-45F6-8AD7-6D3F11CA16E9}.Release|x86.Build.0 = Release|Win32
		{EA62B5B2-F123-4815-B20C-29DB2BF4686F}.Debug|x64.ActiveCfg = Debug|x64
		{EA62B5B2-F123-4815-B20C-29DB2BF4686F}.Debug|x64.Build.0 = Debug|x64
		{EA62B5B2-F123-4815-B20C-29DB2BF4686F}.Debug|x86.ActiveCfg = Debug|Win32
		{EA62B5B2-F123-4815-B20C-29DB2BF4686F}.Debug|x86.Build.0 = Debug|Win32
		{EA62B5B2-F123-4815-B20C-29DB2BF4686F}.Release|x64.ActiveCfg = Release|x64
		{EA62B5B2-F123-4815-B20C-29DB2BF4686F}.Release|x64.Build.0 = Release|x64
		{EA62B5B2-F123-4815-B20C-29DB2BF4686F}.Release|x86.ActiveCfg = Release|Win32
		{EA62B5B2-F123-4815-B20C-29DB2BF4686F}.Release|x86.Build.0 = Release|Win32
		{F1787A85-F6F2-4BE4-A3AA-1B946A14489C}.Debug|x64.ActiveCfg = Debug|x64
		{F1787A85-F6F2-4BE4-A3AA-1B946A14489C}.Debug|x64.Build.0 = Debug|x64
		{F1787A85-F6F2-4BE4-A3AA-1B946A14489C}.Debug|x86.ActiveCfg = Debug|Win32
		{F1787A85-F6F2-4BE4-A3AA-1B946A14489C}.Debug|x86.Build.0 = Debug|Win32
		{F1787A85-F6F2-4BE4-A3AA-1B946A14489C}.Release|x64.ActiveCfg = Release|x64
		{F1787A85-F6F2-4BE4-A3AA-1B946A14489C}.Release|x64.Build.0 = Release|x64
		{F1787A85-F6F2-4BE4-A3AA-1B946A14489C}.Release|x86.ActiveCfg = Release|Win32
		{F1787A85-F6F2-4BE4-A3AA-1B946A14489C}.Release|x86.Build.0 = Release|Win32
		{787ECC3B-6503-4814-9A75-37C0990A6007}.Debug|x64.ActiveCfg = Debug|x64
		{787ECC3B-6503-4814-9A75-37C0990A6007}.Debug|x64.Build.0 = Debug|x64
		{787ECC3B-6503-4814-9A75-37C0990A6007}.Debug|x86.ActiveCfg = Debug|Win32
		{787ECC3B-6503-4814-9A75-37C0990A6007}.Debug|x86.Build.0 = Debug|Win32
		{787ECC3B-6503-4814-9A75-37C0990A6007}.Release|x64.ActiveCfg = Release|x64
		{787ECC3B-6503-4814-9A75-37C0990A6007}.Release|x64.Build.0 = Release|x64
		{787ECC3B-6503-4814-9A75-37C0990A6007}.Release|x86.ActiveCfg = Release|Win32
		{787ECC3B-6503-4814-9A75-37C0990A6007}.Release|x86.Build.0 = Release|Win32
		{FE5A3B89-7677-4E2F-B0D5-429BF42C4791}.Debug|x64.ActiveCfg = Debug|x64
		{FE5A3B89-7677-4E2F-B0D5-429BF42C4791}.Debug|x64.Build.0 = Debug|x64
		{FE5A3B89-7677-4E2F-B0D5-429BF42C4791}.Debug|x86.ActiveCfg = Debug|Win32
		{FE5A3B89-7677-4E2F-B0D5-429BF42C4791}.Debug|x86.Build.0 = Debug|Win32
		{FE5A3B89-7677-4E2F-B0D5-429BF42C4791}.Release|x64.ActiveCfg = Release|x64
		{FE5A3B89-7677-4E2F-B0D5-429BF42C4791}.Release|x64.Build.0 = Release|x64
		{FE5A3B89-7677-4E2F-B0D5-429BF42C4791}.Release|x86.ActiveCfg = Release|Win32
		{FE5A3B89-7677-4E2F-B0D5-429BF42C4791}.Release|x86.Build.0 = Release|Win32
		{1AE4C742-1A64-4A88-8DAE-FA5B8A63B6B0}.Debug|x64.ActiveCfg = Debug|x64
		{1AE4C742-1A64-4A88-8DAE-FA5B8A63B6B0}.Debug|x64.Build.0 = Debug|x64
		{1AE4C742-1A64-4A88-8DAE-FA5B8A63B6B0}.Debug|x86.ActiveCfg = Debug|Win32
		{1AE4C742-1A64-4A88-8DAE-FA5B8A63B6B0}.Debug|x86.Build.0 = Debug|Win32
		{1AE4C742-1A64-4A88-8DAE-FA5B8A63B6B0}.Release|x64.ActiveCfg = Release|x64
		{1AE4C742-1A64-4A88-8DAE-FA5B8A63B6B0}.Release|x64.Build.0 = Release|x64
		{1AE4C742-1A64-4A88-8DAE-FA5B8A63B6B0}.Release|x86.ActiveCfg = Release|Win32
		{1AE4C742-1A64-4A88-8DAE-FA5B8A63B6B0}.Release|x86.Build.0 = Release|Win32
	EndGlobalSection
	GlobalSection(SolutionProperties) = preSolution
		HideSolutionNode = FALSE
	EndGlobalSection
	GlobalSection(ExtensibilityGlobals) = postSolution
		SolutionGuid = {C1891823-0439-46D5-B2E7-FC7A7A0255AE}
	EndGlobalSection
EndGlobal
